
Microsoft Visual Studio Solution File, Format Version 12.00
# Visual Studio 14
VisualStudioVersion = 14.0.24720.0
MinimumVisualStudioVersion = 10.0.40219.1
Project("{FAE04EC0-301F-11D3-BF4B-00C04F79EFBC}") = "UrdfToUnity", "UrdfToUnity\UrdfToUnity.csproj", "{8E67ECB1-C2CD-4389-AC5A-FED0CA67AB9F}"
EndProject
Project("{FAE04EC0-301F-11D3-BF4B-00C04F79EFBC}") = "UrdfToUnityTest", "UrdfToUnityTest\UrdfToUnityTest.csproj", "{C60A6854-E0F1-4C1E-BD7E-5CA2607AD7C2}"
	ProjectSection(ProjectDependencies) = postProject
		{8E67ECB1-C2CD-4389-AC5A-FED0CA67AB9F} = {8E67ECB1-C2CD-4389-AC5A-FED0CA67AB9F}
	EndProjectSection
EndProject
Project("{2150E333-8FDC-42A3-9474-1A3956D46DE8}") = "Solution Items", "Solution Items", "{53842F3B-7D0B-4E5C-A01F-75B2CC46C0F3}"
	ProjectSection(SolutionItems) = preProject
		Local.testsettings = Local.testsettings
	EndProjectSection
EndProject
Global
	GlobalSection(SolutionConfigurationPlatforms) = preSolution
		Debug|Any CPU = Debug|Any CPU
		Release|Any CPU = Release|Any CPU
	EndGlobalSection
	GlobalSection(ProjectConfigurationPlatforms) = postSolution
		{8E67ECB1-C2CD-4389-AC5A-FED0CA67AB9F}.Debug|Any CPU.ActiveCfg = Debug|Any CPU
		{8E67ECB1-C2CD-4389-AC5A-FED0CA67AB9F}.Debug|Any CPU.Build.0 = Debug|Any CPU
		{8E67ECB1-C2CD-4389-AC5A-FED0CA67AB9F}.Release|Any CPU.ActiveCfg = Release|Any CPU
		{8E67ECB1-C2CD-4389-AC5A-FED0CA67AB9F}.Release|Any CPU.Build.0 = Release|Any CPU
		{C60A6854-E0F1-4C1E-BD7E-5CA2607AD7C2}.Debug|Any CPU.ActiveCfg = Debug|Any CPU
		{C60A6854-E0F1-4C1E-BD7E-5CA2607AD7C2}.Debug|Any CPU.Build.0 = Debug|Any CPU
		{C60A6854-E0F1-4C1E-BD7E-5CA2607AD7C2}.Release|Any CPU.ActiveCfg = Release|Any CPU
		{C60A6854-E0F1-4C1E-BD7E-5CA2607AD7C2}.Release|Any CPU.Build.0 = Release|Any CPU
	EndGlobalSection
	GlobalSection(SolutionProperties) = preSolution
		HideSolutionNode = FALSE
	EndGlobalSection
EndGlobal
