
Microsoft Visual Studio Solution File, Format Version 12.00
# Visual Studio 2015
Project("{FAE04EC0-301F-11D3-BF4B-00C04F79EFBC}") = "DbMaintenance.CSharp", "DbMaintenance.CSharp.csproj", "{B8B7915B-ABC9-4C5B-6EBE-451A833C1C5C}"
EndProject
Project("{FAE04EC0-301F-11D3-BF4B-00C04F79EFBC}") = "DbMaintenance.CSharp.Editor", "DbMaintenance.CSharp.Editor.csproj", "{17E6D2FF-8634-2387-18F1-ADF58E36DBFF}"
EndProject
Global
	GlobalSection(SolutionConfigurationPlatforms) = preSolution
		Debug|Any CPU = Debug|Any CPU
		Release|Any CPU = Release|Any CPU
	EndGlobalSection
	GlobalSection(ProjectConfigurationPlatforms) = postSolution
		{B8B7915B-ABC9-4C5B-6EBE-451A833C1C5C}.Debug|Any CPU.ActiveCfg = Debug|Any CPU
		{B8B7915B-ABC9-4C5B-6EBE-451A833C1C5C}.Debug|Any CPU.Build.0 = Debug|Any CPU
		{B8B7915B-ABC9-4C5B-6EBE-451A833C1C5C}.Release|Any CPU.ActiveCfg = Release|Any CPU
		{B8B7915B-ABC9-4C5B-6EBE-451A833C1C5C}.Release|Any CPU.Build.0 = Release|Any CPU
		{17E6D2FF-8634-2387-18F1-ADF58E36DBFF}.Debug|Any CPU.ActiveCfg = Debug|Any CPU
		{17E6D2FF-8634-2387-18F1-ADF58E36DBFF}.Debug|Any CPU.Build.0 = Debug|Any CPU
		{17E6D2FF-8634-2387-18F1-ADF58E36DBFF}.Release|Any CPU.ActiveCfg = Release|Any CPU
		{17E6D2FF-8634-2387-18F1-ADF58E36DBFF}.Release|Any CPU.Build.0 = Release|Any CPU
	EndGlobalSection
	GlobalSection(SolutionProperties) = preSolution
		HideSolutionNode = FALSE
	EndGlobalSection
EndGlobal
